
Microsoft Visual Studio Solution File, Format Version 12.00
# Visual Studio Version 16
VisualStudioVersion = 16.0.30323.103
MinimumVisualStudioVersion = 15.0.26124.0
Project("{2150E333-8FDC-42A3-9474-1A3956D46DE8}") = "src", "src", "{E797E02A-F527-4ADE-9FD9-6B9342E1A10E}"
EndProject
Project("{9A19103F-16F7-4668-BE54-9A1E7A4F7556}") = "fiskaltrust.AndroidLauncher.Common", "src\fiskaltrust.AndroidLauncher.Common\fiskaltrust.AndroidLauncher.Common.csproj", "{270E6179-A397-40C8-89FF-7A39EC415BC7}"
EndProject
Project("{2150E333-8FDC-42A3-9474-1A3956D46DE8}") = "Solution Items", "Solution Items", "{43D6435D-9067-4AE2-976B-FB6E565713F6}"
	ProjectSection(SolutionItems) = preProject
		.gitignore = .gitignore
		azure-pipelines.yml = azure-pipelines.yml
		NuGet.config = NuGet.config
		README.md = README.md
	EndProjectSection
EndProject
Project("{FAE04EC0-301F-11D3-BF4B-00C04F79EFBC}") = "fiskaltrust.AndroidLauncher", "src\fiskaltrust.AndroidLauncher\fiskaltrust.AndroidLauncher.csproj", "{03CDEBBD-8FF0-4AC6-BA3E-649C8CADFF49}"
EndProject
Global
	GlobalSection(SolutionConfigurationPlatforms) = preSolution
		Debug|Any CPU = Debug|Any CPU
		Debug|x64 = Debug|x64
		Debug|x86 = Debug|x86
		Release|Any CPU = Release|Any CPU
		Release|x64 = Release|x64
		Release|x86 = Release|x86
	EndGlobalSection
	GlobalSection(ProjectConfigurationPlatforms) = postSolution
		{270E6179-A397-40C8-89FF-7A39EC415BC7}.Debug|Any CPU.ActiveCfg = Debug|Any CPU
		{270E6179-A397-40C8-89FF-7A39EC415BC7}.Debug|Any CPU.Build.0 = Debug|Any CPU
		{270E6179-A397-40C8-89FF-7A39EC415BC7}.Debug|x64.ActiveCfg = Debug|Any CPU
		{270E6179-A397-40C8-89FF-7A39EC415BC7}.Debug|x64.Build.0 = Debug|Any CPU
		{270E6179-A397-40C8-89FF-7A39EC415BC7}.Debug|x86.ActiveCfg = Debug|Any CPU
		{270E6179-A397-40C8-89FF-7A39EC415BC7}.Debug|x86.Build.0 = Debug|Any CPU
		{270E6179-A397-40C8-89FF-7A39EC415BC7}.Release|Any CPU.ActiveCfg = Release|Any CPU
		{270E6179-A397-40C8-89FF-7A39EC415BC7}.Release|Any CPU.Build.0 = Release|Any CPU
		{270E6179-A397-40C8-89FF-7A39EC415BC7}.Release|x64.ActiveCfg = Release|Any CPU
		{270E6179-A397-40C8-89FF-7A39EC415BC7}.Release|x64.Build.0 = Release|Any CPU
		{270E6179-A397-40C8-89FF-7A39EC415BC7}.Release|x86.ActiveCfg = Release|Any CPU
		{270E6179-A397-40C8-89FF-7A39EC415BC7}.Release|x86.Build.0 = Release|Any CPU
		{03CDEBBD-8FF0-4AC6-BA3E-649C8CADFF49}.Debug|Any CPU.ActiveCfg = Debug|Any CPU
		{03CDEBBD-8FF0-4AC6-BA3E-649C8CADFF49}.Debug|Any CPU.Build.0 = Debug|Any CPU
		{03CDEBBD-8FF0-4AC6-BA3E-649C8CADFF49}.Debug|Any CPU.Deploy.0 = Debug|Any CPU
		{03CDEBBD-8FF0-4AC6-BA3E-649C8CADFF49}.Debug|x64.ActiveCfg = Debug|Any CPU
		{03CDEBBD-8FF0-4AC6-BA3E-649C8CADFF49}.Debug|x64.Build.0 = Debug|Any CPU
		{03CDEBBD-8FF0-4AC6-BA3E-649C8CADFF49}.Debug|x64.Deploy.0 = Debug|Any CPU
		{03CDEBBD-8FF0-4AC6-BA3E-649C8CADFF49}.Debug|x86.ActiveCfg = Debug|Any CPU
		{03CDEBBD-8FF0-4AC6-BA3E-649C8CADFF49}.Debug|x86.Build.0 = Debug|Any CPU
		{03CDEBBD-8FF0-4AC6-BA3E-649C8CADFF49}.Debug|x86.Deploy.0 = Debug|Any CPU
		{03CDEBBD-8FF0-4AC6-BA3E-649C8CADFF49}.Release|Any CPU.ActiveCfg = Release|Any CPU
		{03CDEBBD-8FF0-4AC6-BA3E-649C8CADFF49}.Release|Any CPU.Build.0 = Release|Any CPU
		{03CDEBBD-8FF0-4AC6-BA3E-649C8CADFF49}.Release|Any CPU.Deploy.0 = Release|Any CPU
		{03CDEBBD-8FF0-4AC6-BA3E-649C8CADFF49}.Release|x64.ActiveCfg = Release|Any CPU
		{03CDEBBD-8FF0-4AC6-BA3E-649C8CADFF49}.Release|x64.Build.0 = Release|Any CPU
		{03CDEBBD-8FF0-4AC6-BA3E-649C8CADFF49}.Release|x64.Deploy.0 = Release|Any CPU
		{03CDEBBD-8FF0-4AC6-BA3E-649C8CADFF49}.Release|x86.ActiveCfg = Release|Any CPU
		{03CDEBBD-8FF0-4AC6-BA3E-649C8CADFF49}.Release|x86.Build.0 = Release|Any CPU
		{03CDEBBD-8FF0-4AC6-BA3E-649C8CADFF49}.Release|x86.Deploy.0 = Release|Any CPU
	EndGlobalSection
	GlobalSection(SolutionProperties) = preSolution
		HideSolutionNode = FALSE
	EndGlobalSection
	GlobalSection(NestedProjects) = preSolution
		{270E6179-A397-40C8-89FF-7A39EC415BC7} = {E797E02A-F527-4ADE-9FD9-6B9342E1A10E}
		{03CDEBBD-8FF0-4AC6-BA3E-649C8CADFF49} = {E797E02A-F527-4ADE-9FD9-6B9342E1A10E}
	EndGlobalSection
	GlobalSection(ExtensibilityGlobals) = postSolution
		SolutionGuid = {2CC17636-6864-4446-B179-DB7B1C908237}
	EndGlobalSection
EndGlobal
