
Microsoft Visual Studio Solution File, Format Version 12.00
# Visual Studio Version 17
VisualStudioVersion = 17.6.33617.297
MinimumVisualStudioVersion = 15.0.26124.0
Project("{2150E333-8FDC-42A3-9474-1A3956D46DE8}") = "src", "src", "{E797E02A-F527-4ADE-9FD9-6B9342E1A10E}"
EndProject
Project("{2150E333-8FDC-42A3-9474-1A3956D46DE8}") = "Solution Items", "Solution Items", "{43D6435D-9067-4AE2-976B-FB6E565713F6}"
	ProjectSection(SolutionItems) = preProject
		.gitignore = .gitignore
		azure-pipelines.yml = azure-pipelines.yml
		NuGet.config = NuGet.config
		README.md = README.md
		version.json = version.json
	EndProjectSection
EndProject
Project("{FAE04EC0-301F-11D3-BF4B-00C04F79EFBC}") = "fiskaltrust.AndroidLauncher.Common", "src\fiskaltrust.AndroidLauncher.Common\fiskaltrust.AndroidLauncher.Common.csproj", "{010D6D4F-A35C-41A2-A17F-8B20CB9BF56A}"
EndProject
Project("{FAE04EC0-301F-11D3-BF4B-00C04F79EFBC}") = "fiskaltrust.AndroidLauncher.Grpc", "src\fiskaltrust.AndroidLauncher.Grpc\fiskaltrust.AndroidLauncher.Grpc.csproj", "{03CDEBBD-8FF0-4AC6-BA3E-649C8CADFF49}"
EndProject
Project("{FAE04EC0-301F-11D3-BF4B-00C04F79EFBC}") = "fiskaltrust.AndroidLauncher.Http", "src\fiskaltrust.AndroidLauncher.Http\fiskaltrust.AndroidLauncher.Http.csproj", "{F2631C2B-49B6-4FE7-B9A5-0D2B378C192E}"
EndProject
Project("{2150E333-8FDC-42A3-9474-1A3956D46DE8}") = "test", "test", "{D48A780F-8F3A-4E5F-A12B-2D01A0E2EE3F}"
EndProject
Project("{FAE04EC0-301F-11D3-BF4B-00C04F79EFBC}") = "fiskaltrust.AndroidLauncher.SmokeTests", "test\fiskaltrust.AndroidLauncher.SmokeTests\fiskaltrust.AndroidLauncher.SmokeTests.csproj", "{47F74FD9-DA50-4511-8F73-53D88E90098C}"
EndProject
Project("{2150E333-8FDC-42A3-9474-1A3956D46DE8}") = "temp_SCU", "temp_SCU", "{12C9FDAC-DDEA-4CA0-B84C-68026155DADB}"
EndProject
Project("{9A19103F-16F7-4668-BE54-9A1E7A4F7556}") = "fiskaltrust.Middleware.SCU.IT.CustomRTServer", "submodules\middleware\scu-it\src\fiskaltrust.Middleware.SCU.IT.CustomRTServer\fiskaltrust.Middleware.SCU.IT.CustomRTServer.csproj", "{425A56A6-D841-44AD-8D20-80DA26C7DC47}"
EndProject
Project("{9A19103F-16F7-4668-BE54-9A1E7A4F7556}") = "fiskaltrust.Middleware.SCU.IT.Abstraction", "submodules\middleware\scu-it\src\fiskaltrust.Middleware.SCU.IT.Abstraction\fiskaltrust.Middleware.SCU.IT.Abstraction.csproj", "{38D7B187-935B-43BF-8B4A-1D48D4CB8CC1}"
EndProject
Project("{2150E333-8FDC-42A3-9474-1A3956D46DE8}") = "temp_queue", "temp_queue", "{008F016D-75CC-42C8-B9EF-6736BADEE801}"
EndProject
Project("{9A19103F-16F7-4668-BE54-9A1E7A4F7556}") = "fiskaltrust.Middleware.Queue.SQLite", "submodules\middleware\queue\src\fiskaltrust.Middleware.Queue.SQLite\fiskaltrust.Middleware.Queue.SQLite.csproj", "{E7B0899D-229E-46DE-93F8-747FC9E76A7A}"
EndProject
Project("{9A19103F-16F7-4668-BE54-9A1E7A4F7556}") = "fiskaltrust.Middleware.Localization.QueueIT", "submodules\middleware\queue\src\fiskaltrust.Middleware.Localization.QueueIT\fiskaltrust.Middleware.Localization.QueueIT.csproj", "{F8B01F6B-F0B2-42F9-85DA-C4EA99A09D7E}"
EndProject
Project("{9A19103F-16F7-4668-BE54-9A1E7A4F7556}") = "fiskaltrust.Middleware.Localization.QueueES", "submodules\middleware\queue\src\fiskaltrust.Middleware.Localization.QueueES\fiskaltrust.Middleware.Localization.QueueES.csproj", "{64ACA413-D2C6-4A11-8AF7-3D5E729E697C}"
EndProject
Project("{9A19103F-16F7-4668-BE54-9A1E7A4F7556}") = "fiskaltrust.Middleware.Localization.QueueAT", "submodules\middleware\queue\src\fiskaltrust.Middleware.Localization.QueueAT\fiskaltrust.Middleware.Localization.QueueAT.csproj", "{A6819678-0D6D-43E0-8179-39F2E23E8F08}"
EndProject
Project("{9A19103F-16F7-4668-BE54-9A1E7A4F7556}") = "fiskaltrust.Middleware.Localization.QueueDE", "submodules\middleware\queue\src\fiskaltrust.Middleware.Localization.QueueDE\fiskaltrust.Middleware.Localization.QueueDE.csproj", "{AEC0AD4E-A053-406B-9E4E-FEABEF2C2497}"
EndProject
Project("{9A19103F-16F7-4668-BE54-9A1E7A4F7556}") = "fiskaltrust.Middleware.Storage.SQLite", "submodules\middleware\queue\src\fiskaltrust.Middleware.Storage.SQLite\fiskaltrust.Middleware.Storage.SQLite.csproj", "{4741E3FB-E085-4677-A0FD-8A738A4877A5}"
EndProject
Project("{9A19103F-16F7-4668-BE54-9A1E7A4F7556}") = "fiskaltrust.Middleware.Storage.Base", "submodules\middleware\queue\src\fiskaltrust.Middleware.Storage.Base\fiskaltrust.Middleware.Storage.Base.csproj", "{A0FBB3CB-BD71-41D7-978D-213902469A55}"
EndProject
Project("{9A19103F-16F7-4668-BE54-9A1E7A4F7556}") = "fiskaltrust.Middleware.QueueSynchronizer", "submodules\middleware\queue\src\fiskaltrust.Middleware.QueueSynchronizer\fiskaltrust.Middleware.QueueSynchronizer.csproj", "{E89114E7-6FED-4415-B5F2-1574E8C481CA}"
EndProject
Project("{9A19103F-16F7-4668-BE54-9A1E7A4F7556}") = "fiskaltrust.Middleware.Contracts", "submodules\middleware\queue\src\fiskaltrust.Middleware.Contracts\fiskaltrust.Middleware.Contracts.csproj", "{DCA23BBC-8923-41B6-A7AE-3F5663B766F9}"
EndProject
Project("{9A19103F-16F7-4668-BE54-9A1E7A4F7556}") = "fiskaltrust.Middleware.Abstractions", "submodules\middleware\queue\src\fiskaltrust.Middleware.Abstractions\fiskaltrust.Middleware.Abstractions.csproj", "{42EFF491-9EE9-4610-8EBD-3A9F490C9469}"
EndProject
Project("{9A19103F-16F7-4668-BE54-9A1E7A4F7556}") = "fiskaltrust.Middleware.Queue", "submodules\middleware\queue\src\fiskaltrust.Middleware.Queue\fiskaltrust.Middleware.Queue.csproj", "{DDDB9E65-2E4A-4A6B-A3A9-BD80ACD61584}"
EndProject
Project("{9A19103F-16F7-4668-BE54-9A1E7A4F7556}") = "fiskaltrust.Middleware.Localization.QueueDEFAULT", "submodules\middleware\queue\src\fiskaltrust.Middleware.Localization.QueueDEFAULT\fiskaltrust.Middleware.Localization.QueueDEFAULT.csproj", "{F7BFC8B1-8E75-47EC-8908-63794F252D50}"
EndProject
Project("{9A19103F-16F7-4668-BE54-9A1E7A4F7556}") = "fiskaltrust.Middleware.Localization.QueueFR", "submodules\middleware\queue\src\fiskaltrust.Middleware.Localization.QueueFR\fiskaltrust.Middleware.Localization.QueueFR.csproj", "{DCDF9A97-A20A-4A24-B0A6-889256CAA07D}"
EndProject
Project("{9A19103F-16F7-4668-BE54-9A1E7A4F7556}") = "fiskaltrust.Middleware.Localization.QueueME", "submodules\middleware\queue\src\fiskaltrust.Middleware.Localization.QueueME\fiskaltrust.Middleware.Localization.QueueME.csproj", "{8A067211-75D8-434F-8890-CB2584447920}"
EndProject
Project("{9A19103F-16F7-4668-BE54-9A1E7A4F7556}") = "fiskaltrust.Middleware.SCU.IT.EpsonRTPrinter", "submodules\middleware\scu-it\src\fiskaltrust.Middleware.SCU.IT.EpsonRTPrinter\fiskaltrust.Middleware.SCU.IT.EpsonRTPrinter.csproj", "{D830F663-CA89-46FD-987A-B3EC104F3B1B}"
EndProject
Global
	GlobalSection(SolutionConfigurationPlatforms) = preSolution
		Debug|Any CPU = Debug|Any CPU
		Debug|x64 = Debug|x64
		Debug|x86 = Debug|x86
		Release|Any CPU = Release|Any CPU
		Release|x64 = Release|x64
		Release|x86 = Release|x86
	EndGlobalSection
	GlobalSection(ProjectConfigurationPlatforms) = postSolution
		{010D6D4F-A35C-41A2-A17F-8B20CB9BF56A}.Debug|Any CPU.ActiveCfg = Debug|Any CPU
		{010D6D4F-A35C-41A2-A17F-8B20CB9BF56A}.Debug|Any CPU.Build.0 = Debug|Any CPU
		{010D6D4F-A35C-41A2-A17F-8B20CB9BF56A}.Debug|x64.ActiveCfg = Debug|Any CPU
		{010D6D4F-A35C-41A2-A17F-8B20CB9BF56A}.Debug|x64.Build.0 = Debug|Any CPU
		{010D6D4F-A35C-41A2-A17F-8B20CB9BF56A}.Debug|x86.ActiveCfg = Debug|Any CPU
		{010D6D4F-A35C-41A2-A17F-8B20CB9BF56A}.Debug|x86.Build.0 = Debug|Any CPU
		{010D6D4F-A35C-41A2-A17F-8B20CB9BF56A}.Release|Any CPU.ActiveCfg = Release|Any CPU
		{010D6D4F-A35C-41A2-A17F-8B20CB9BF56A}.Release|Any CPU.Build.0 = Release|Any CPU
		{010D6D4F-A35C-41A2-A17F-8B20CB9BF56A}.Release|x64.ActiveCfg = Release|Any CPU
		{010D6D4F-A35C-41A2-A17F-8B20CB9BF56A}.Release|x64.Build.0 = Release|Any CPU
		{010D6D4F-A35C-41A2-A17F-8B20CB9BF56A}.Release|x86.ActiveCfg = Release|Any CPU
		{010D6D4F-A35C-41A2-A17F-8B20CB9BF56A}.Release|x86.Build.0 = Release|Any CPU
		{03CDEBBD-8FF0-4AC6-BA3E-649C8CADFF49}.Debug|Any CPU.ActiveCfg = Debug|Any CPU
		{03CDEBBD-8FF0-4AC6-BA3E-649C8CADFF49}.Debug|Any CPU.Build.0 = Debug|Any CPU
		{03CDEBBD-8FF0-4AC6-BA3E-649C8CADFF49}.Debug|Any CPU.Deploy.0 = Debug|Any CPU
		{03CDEBBD-8FF0-4AC6-BA3E-649C8CADFF49}.Debug|x64.ActiveCfg = Debug|Any CPU
		{03CDEBBD-8FF0-4AC6-BA3E-649C8CADFF49}.Debug|x64.Build.0 = Debug|Any CPU
		{03CDEBBD-8FF0-4AC6-BA3E-649C8CADFF49}.Debug|x64.Deploy.0 = Debug|Any CPU
		{03CDEBBD-8FF0-4AC6-BA3E-649C8CADFF49}.Debug|x86.ActiveCfg = Debug|Any CPU
		{03CDEBBD-8FF0-4AC6-BA3E-649C8CADFF49}.Debug|x86.Build.0 = Debug|Any CPU
		{03CDEBBD-8FF0-4AC6-BA3E-649C8CADFF49}.Debug|x86.Deploy.0 = Debug|Any CPU
		{03CDEBBD-8FF0-4AC6-BA3E-649C8CADFF49}.Release|Any CPU.ActiveCfg = Release|Any CPU
		{03CDEBBD-8FF0-4AC6-BA3E-649C8CADFF49}.Release|Any CPU.Build.0 = Release|Any CPU
		{03CDEBBD-8FF0-4AC6-BA3E-649C8CADFF49}.Release|Any CPU.Deploy.0 = Release|Any CPU
		{03CDEBBD-8FF0-4AC6-BA3E-649C8CADFF49}.Release|x64.ActiveCfg = Release|Any CPU
		{03CDEBBD-8FF0-4AC6-BA3E-649C8CADFF49}.Release|x64.Build.0 = Release|Any CPU
		{03CDEBBD-8FF0-4AC6-BA3E-649C8CADFF49}.Release|x64.Deploy.0 = Release|Any CPU
		{03CDEBBD-8FF0-4AC6-BA3E-649C8CADFF49}.Release|x86.ActiveCfg = Release|Any CPU
		{03CDEBBD-8FF0-4AC6-BA3E-649C8CADFF49}.Release|x86.Build.0 = Release|Any CPU
		{03CDEBBD-8FF0-4AC6-BA3E-649C8CADFF49}.Release|x86.Deploy.0 = Release|Any CPU
		{F2631C2B-49B6-4FE7-B9A5-0D2B378C192E}.Debug|Any CPU.ActiveCfg = Debug|Any CPU
		{F2631C2B-49B6-4FE7-B9A5-0D2B378C192E}.Debug|Any CPU.Build.0 = Debug|Any CPU
		{F2631C2B-49B6-4FE7-B9A5-0D2B378C192E}.Debug|Any CPU.Deploy.0 = Debug|Any CPU
		{F2631C2B-49B6-4FE7-B9A5-0D2B378C192E}.Debug|x64.ActiveCfg = Debug|Any CPU
		{F2631C2B-49B6-4FE7-B9A5-0D2B378C192E}.Debug|x64.Build.0 = Debug|Any CPU
		{F2631C2B-49B6-4FE7-B9A5-0D2B378C192E}.Debug|x64.Deploy.0 = Debug|Any CPU
		{F2631C2B-49B6-4FE7-B9A5-0D2B378C192E}.Debug|x86.ActiveCfg = Debug|Any CPU
		{F2631C2B-49B6-4FE7-B9A5-0D2B378C192E}.Debug|x86.Build.0 = Debug|Any CPU
		{F2631C2B-49B6-4FE7-B9A5-0D2B378C192E}.Debug|x86.Deploy.0 = Debug|Any CPU
		{F2631C2B-49B6-4FE7-B9A5-0D2B378C192E}.Release|Any CPU.ActiveCfg = Release|Any CPU
		{F2631C2B-49B6-4FE7-B9A5-0D2B378C192E}.Release|Any CPU.Build.0 = Release|Any CPU
		{F2631C2B-49B6-4FE7-B9A5-0D2B378C192E}.Release|Any CPU.Deploy.0 = Release|Any CPU
		{F2631C2B-49B6-4FE7-B9A5-0D2B378C192E}.Release|x64.ActiveCfg = Release|Any CPU
		{F2631C2B-49B6-4FE7-B9A5-0D2B378C192E}.Release|x64.Build.0 = Release|Any CPU
		{F2631C2B-49B6-4FE7-B9A5-0D2B378C192E}.Release|x64.Deploy.0 = Release|Any CPU
		{F2631C2B-49B6-4FE7-B9A5-0D2B378C192E}.Release|x86.ActiveCfg = Release|Any CPU
		{F2631C2B-49B6-4FE7-B9A5-0D2B378C192E}.Release|x86.Build.0 = Release|Any CPU
		{F2631C2B-49B6-4FE7-B9A5-0D2B378C192E}.Release|x86.Deploy.0 = Release|Any CPU
		{47F74FD9-DA50-4511-8F73-53D88E90098C}.Debug|Any CPU.ActiveCfg = Debug|Any CPU
		{47F74FD9-DA50-4511-8F73-53D88E90098C}.Debug|Any CPU.Build.0 = Debug|Any CPU
		{47F74FD9-DA50-4511-8F73-53D88E90098C}.Debug|x64.ActiveCfg = Debug|Any CPU
		{47F74FD9-DA50-4511-8F73-53D88E90098C}.Debug|x64.Build.0 = Debug|Any CPU
		{47F74FD9-DA50-4511-8F73-53D88E90098C}.Debug|x86.ActiveCfg = Debug|Any CPU
		{47F74FD9-DA50-4511-8F73-53D88E90098C}.Debug|x86.Build.0 = Debug|Any CPU
		{47F74FD9-DA50-4511-8F73-53D88E90098C}.Release|Any CPU.ActiveCfg = Release|Any CPU
		{47F74FD9-DA50-4511-8F73-53D88E90098C}.Release|Any CPU.Build.0 = Release|Any CPU
		{47F74FD9-DA50-4511-8F73-53D88E90098C}.Release|x64.ActiveCfg = Release|Any CPU
		{47F74FD9-DA50-4511-8F73-53D88E90098C}.Release|x64.Build.0 = Release|Any CPU
		{47F74FD9-DA50-4511-8F73-53D88E90098C}.Release|x86.ActiveCfg = Release|Any CPU
		{47F74FD9-DA50-4511-8F73-53D88E90098C}.Release|x86.Build.0 = Release|Any CPU
		{425A56A6-D841-44AD-8D20-80DA26C7DC47}.Debug|Any CPU.ActiveCfg = Debug|Any CPU
		{425A56A6-D841-44AD-8D20-80DA26C7DC47}.Debug|Any CPU.Build.0 = Debug|Any CPU
		{425A56A6-D841-44AD-8D20-80DA26C7DC47}.Debug|x64.ActiveCfg = Debug|Any CPU
		{425A56A6-D841-44AD-8D20-80DA26C7DC47}.Debug|x64.Build.0 = Debug|Any CPU
		{425A56A6-D841-44AD-8D20-80DA26C7DC47}.Debug|x86.ActiveCfg = Debug|Any CPU
		{425A56A6-D841-44AD-8D20-80DA26C7DC47}.Debug|x86.Build.0 = Debug|Any CPU
		{425A56A6-D841-44AD-8D20-80DA26C7DC47}.Release|Any CPU.ActiveCfg = Release|Any CPU
		{425A56A6-D841-44AD-8D20-80DA26C7DC47}.Release|Any CPU.Build.0 = Release|Any CPU
		{425A56A6-D841-44AD-8D20-80DA26C7DC47}.Release|x64.ActiveCfg = Release|Any CPU
		{425A56A6-D841-44AD-8D20-80DA26C7DC47}.Release|x64.Build.0 = Release|Any CPU
		{425A56A6-D841-44AD-8D20-80DA26C7DC47}.Release|x86.ActiveCfg = Release|Any CPU
		{425A56A6-D841-44AD-8D20-80DA26C7DC47}.Release|x86.Build.0 = Release|Any CPU
		{38D7B187-935B-43BF-8B4A-1D48D4CB8CC1}.Debug|Any CPU.ActiveCfg = Debug|Any CPU
		{38D7B187-935B-43BF-8B4A-1D48D4CB8CC1}.Debug|Any CPU.Build.0 = Debug|Any CPU
		{38D7B187-935B-43BF-8B4A-1D48D4CB8CC1}.Debug|x64.ActiveCfg = Debug|Any CPU
		{38D7B187-935B-43BF-8B4A-1D48D4CB8CC1}.Debug|x64.Build.0 = Debug|Any CPU
		{38D7B187-935B-43BF-8B4A-1D48D4CB8CC1}.Debug|x86.ActiveCfg = Debug|Any CPU
		{38D7B187-935B-43BF-8B4A-1D48D4CB8CC1}.Debug|x86.Build.0 = Debug|Any CPU
		{38D7B187-935B-43BF-8B4A-1D48D4CB8CC1}.Release|Any CPU.ActiveCfg = Release|Any CPU
		{38D7B187-935B-43BF-8B4A-1D48D4CB8CC1}.Release|Any CPU.Build.0 = Release|Any CPU
		{38D7B187-935B-43BF-8B4A-1D48D4CB8CC1}.Release|x64.ActiveCfg = Release|Any CPU
		{38D7B187-935B-43BF-8B4A-1D48D4CB8CC1}.Release|x64.Build.0 = Release|Any CPU
		{38D7B187-935B-43BF-8B4A-1D48D4CB8CC1}.Release|x86.ActiveCfg = Release|Any CPU
		{38D7B187-935B-43BF-8B4A-1D48D4CB8CC1}.Release|x86.Build.0 = Release|Any CPU
		{E7B0899D-229E-46DE-93F8-747FC9E76A7A}.Debug|Any CPU.ActiveCfg = Debug|Any CPU
		{E7B0899D-229E-46DE-93F8-747FC9E76A7A}.Debug|Any CPU.Build.0 = Debug|Any CPU
		{E7B0899D-229E-46DE-93F8-747FC9E76A7A}.Debug|x64.ActiveCfg = Debug|Any CPU
		{E7B0899D-229E-46DE-93F8-747FC9E76A7A}.Debug|x64.Build.0 = Debug|Any CPU
		{E7B0899D-229E-46DE-93F8-747FC9E76A7A}.Debug|x86.ActiveCfg = Debug|Any CPU
		{E7B0899D-229E-46DE-93F8-747FC9E76A7A}.Debug|x86.Build.0 = Debug|Any CPU
		{E7B0899D-229E-46DE-93F8-747FC9E76A7A}.Release|Any CPU.ActiveCfg = Release|Any CPU
		{E7B0899D-229E-46DE-93F8-747FC9E76A7A}.Release|Any CPU.Build.0 = Release|Any CPU
		{E7B0899D-229E-46DE-93F8-747FC9E76A7A}.Release|x64.ActiveCfg = Release|Any CPU
		{E7B0899D-229E-46DE-93F8-747FC9E76A7A}.Release|x64.Build.0 = Release|Any CPU
		{E7B0899D-229E-46DE-93F8-747FC9E76A7A}.Release|x86.ActiveCfg = Release|Any CPU
		{E7B0899D-229E-46DE-93F8-747FC9E76A7A}.Release|x86.Build.0 = Release|Any CPU
		{F8B01F6B-F0B2-42F9-85DA-C4EA99A09D7E}.Debug|Any CPU.ActiveCfg = Debug|Any CPU
		{F8B01F6B-F0B2-42F9-85DA-C4EA99A09D7E}.Debug|Any CPU.Build.0 = Debug|Any CPU
		{F8B01F6B-F0B2-42F9-85DA-C4EA99A09D7E}.Debug|x64.ActiveCfg = Debug|Any CPU
		{F8B01F6B-F0B2-42F9-85DA-C4EA99A09D7E}.Debug|x64.Build.0 = Debug|Any CPU
		{F8B01F6B-F0B2-42F9-85DA-C4EA99A09D7E}.Debug|x86.ActiveCfg = Debug|Any CPU
		{F8B01F6B-F0B2-42F9-85DA-C4EA99A09D7E}.Debug|x86.Build.0 = Debug|Any CPU
		{F8B01F6B-F0B2-42F9-85DA-C4EA99A09D7E}.Release|Any CPU.ActiveCfg = Release|Any CPU
		{F8B01F6B-F0B2-42F9-85DA-C4EA99A09D7E}.Release|Any CPU.Build.0 = Release|Any CPU
		{F8B01F6B-F0B2-42F9-85DA-C4EA99A09D7E}.Release|x64.ActiveCfg = Release|Any CPU
		{F8B01F6B-F0B2-42F9-85DA-C4EA99A09D7E}.Release|x64.Build.0 = Release|Any CPU
		{F8B01F6B-F0B2-42F9-85DA-C4EA99A09D7E}.Release|x86.ActiveCfg = Release|Any CPU
		{F8B01F6B-F0B2-42F9-85DA-C4EA99A09D7E}.Release|x86.Build.0 = Release|Any CPU
		{64ACA413-D2C6-4A11-8AF7-3D5E729E697C}.Debug|Any CPU.ActiveCfg = Debug|Any CPU
		{64ACA413-D2C6-4A11-8AF7-3D5E729E697C}.Debug|Any CPU.Build.0 = Debug|Any CPU
		{64ACA413-D2C6-4A11-8AF7-3D5E729E697C}.Debug|x64.ActiveCfg = Debug|Any CPU
		{64ACA413-D2C6-4A11-8AF7-3D5E729E697C}.Debug|x64.Build.0 = Debug|Any CPU
		{64ACA413-D2C6-4A11-8AF7-3D5E729E697C}.Debug|x86.ActiveCfg = Debug|Any CPU
		{64ACA413-D2C6-4A11-8AF7-3D5E729E697C}.Debug|x86.Build.0 = Debug|Any CPU
		{64ACA413-D2C6-4A11-8AF7-3D5E729E697C}.Release|Any CPU.ActiveCfg = Release|Any CPU
		{64ACA413-D2C6-4A11-8AF7-3D5E729E697C}.Release|Any CPU.Build.0 = Release|Any CPU
		{64ACA413-D2C6-4A11-8AF7-3D5E729E697C}.Release|x64.ActiveCfg = Release|Any CPU
		{64ACA413-D2C6-4A11-8AF7-3D5E729E697C}.Release|x64.Build.0 = Release|Any CPU
		{64ACA413-D2C6-4A11-8AF7-3D5E729E697C}.Release|x86.ActiveCfg = Release|Any CPU
		{64ACA413-D2C6-4A11-8AF7-3D5E729E697C}.Release|x86.Build.0 = Release|Any CPU
		{A6819678-0D6D-43E0-8179-39F2E23E8F08}.Debug|Any CPU.ActiveCfg = Debug|Any CPU
		{A6819678-0D6D-43E0-8179-39F2E23E8F08}.Debug|Any CPU.Build.0 = Debug|Any CPU
		{A6819678-0D6D-43E0-8179-39F2E23E8F08}.Debug|x64.ActiveCfg = Debug|Any CPU
		{A6819678-0D6D-43E0-8179-39F2E23E8F08}.Debug|x64.Build.0 = Debug|Any CPU
		{A6819678-0D6D-43E0-8179-39F2E23E8F08}.Debug|x86.ActiveCfg = Debug|Any CPU
		{A6819678-0D6D-43E0-8179-39F2E23E8F08}.Debug|x86.Build.0 = Debug|Any CPU
		{A6819678-0D6D-43E0-8179-39F2E23E8F08}.Release|Any CPU.ActiveCfg = Release|Any CPU
		{A6819678-0D6D-43E0-8179-39F2E23E8F08}.Release|Any CPU.Build.0 = Release|Any CPU
		{A6819678-0D6D-43E0-8179-39F2E23E8F08}.Release|x64.ActiveCfg = Release|Any CPU
		{A6819678-0D6D-43E0-8179-39F2E23E8F08}.Release|x64.Build.0 = Release|Any CPU
		{A6819678-0D6D-43E0-8179-39F2E23E8F08}.Release|x86.ActiveCfg = Release|Any CPU
		{A6819678-0D6D-43E0-8179-39F2E23E8F08}.Release|x86.Build.0 = Release|Any CPU
		{AEC0AD4E-A053-406B-9E4E-FEABEF2C2497}.Debug|Any CPU.ActiveCfg = Debug|Any CPU
		{AEC0AD4E-A053-406B-9E4E-FEABEF2C2497}.Debug|Any CPU.Build.0 = Debug|Any CPU
		{AEC0AD4E-A053-406B-9E4E-FEABEF2C2497}.Debug|x64.ActiveCfg = Debug|Any CPU
		{AEC0AD4E-A053-406B-9E4E-FEABEF2C2497}.Debug|x64.Build.0 = Debug|Any CPU
		{AEC0AD4E-A053-406B-9E4E-FEABEF2C2497}.Debug|x86.ActiveCfg = Debug|Any CPU
		{AEC0AD4E-A053-406B-9E4E-FEABEF2C2497}.Debug|x86.Build.0 = Debug|Any CPU
		{AEC0AD4E-A053-406B-9E4E-FEABEF2C2497}.Release|Any CPU.ActiveCfg = Release|Any CPU
		{AEC0AD4E-A053-406B-9E4E-FEABEF2C2497}.Release|Any CPU.Build.0 = Release|Any CPU
		{AEC0AD4E-A053-406B-9E4E-FEABEF2C2497}.Release|x64.ActiveCfg = Release|Any CPU
		{AEC0AD4E-A053-406B-9E4E-FEABEF2C2497}.Release|x64.Build.0 = Release|Any CPU
		{AEC0AD4E-A053-406B-9E4E-FEABEF2C2497}.Release|x86.ActiveCfg = Release|Any CPU
		{AEC0AD4E-A053-406B-9E4E-FEABEF2C2497}.Release|x86.Build.0 = Release|Any CPU
		{4741E3FB-E085-4677-A0FD-8A738A4877A5}.Debug|Any CPU.ActiveCfg = Debug|Any CPU
		{4741E3FB-E085-4677-A0FD-8A738A4877A5}.Debug|Any CPU.Build.0 = Debug|Any CPU
		{4741E3FB-E085-4677-A0FD-8A738A4877A5}.Debug|x64.ActiveCfg = Debug|Any CPU
		{4741E3FB-E085-4677-A0FD-8A738A4877A5}.Debug|x64.Build.0 = Debug|Any CPU
		{4741E3FB-E085-4677-A0FD-8A738A4877A5}.Debug|x86.ActiveCfg = Debug|Any CPU
		{4741E3FB-E085-4677-A0FD-8A738A4877A5}.Debug|x86.Build.0 = Debug|Any CPU
		{4741E3FB-E085-4677-A0FD-8A738A4877A5}.Release|Any CPU.ActiveCfg = Release|Any CPU
		{4741E3FB-E085-4677-A0FD-8A738A4877A5}.Release|Any CPU.Build.0 = Release|Any CPU
		{4741E3FB-E085-4677-A0FD-8A738A4877A5}.Release|x64.ActiveCfg = Release|Any CPU
		{4741E3FB-E085-4677-A0FD-8A738A4877A5}.Release|x64.Build.0 = Release|Any CPU
		{4741E3FB-E085-4677-A0FD-8A738A4877A5}.Release|x86.ActiveCfg = Release|Any CPU
		{4741E3FB-E085-4677-A0FD-8A738A4877A5}.Release|x86.Build.0 = Release|Any CPU
		{A0FBB3CB-BD71-41D7-978D-213902469A55}.Debug|Any CPU.ActiveCfg = Debug|Any CPU
		{A0FBB3CB-BD71-41D7-978D-213902469A55}.Debug|Any CPU.Build.0 = Debug|Any CPU
		{A0FBB3CB-BD71-41D7-978D-213902469A55}.Debug|x64.ActiveCfg = Debug|Any CPU
		{A0FBB3CB-BD71-41D7-978D-213902469A55}.Debug|x64.Build.0 = Debug|Any CPU
		{A0FBB3CB-BD71-41D7-978D-213902469A55}.Debug|x86.ActiveCfg = Debug|Any CPU
		{A0FBB3CB-BD71-41D7-978D-213902469A55}.Debug|x86.Build.0 = Debug|Any CPU
		{A0FBB3CB-BD71-41D7-978D-213902469A55}.Release|Any CPU.ActiveCfg = Release|Any CPU
		{A0FBB3CB-BD71-41D7-978D-213902469A55}.Release|Any CPU.Build.0 = Release|Any CPU
		{A0FBB3CB-BD71-41D7-978D-213902469A55}.Release|x64.ActiveCfg = Release|Any CPU
		{A0FBB3CB-BD71-41D7-978D-213902469A55}.Release|x64.Build.0 = Release|Any CPU
		{A0FBB3CB-BD71-41D7-978D-213902469A55}.Release|x86.ActiveCfg = Release|Any CPU
		{A0FBB3CB-BD71-41D7-978D-213902469A55}.Release|x86.Build.0 = Release|Any CPU
		{E89114E7-6FED-4415-B5F2-1574E8C481CA}.Debug|Any CPU.ActiveCfg = Debug|Any CPU
		{E89114E7-6FED-4415-B5F2-1574E8C481CA}.Debug|Any CPU.Build.0 = Debug|Any CPU
		{E89114E7-6FED-4415-B5F2-1574E8C481CA}.Debug|x64.ActiveCfg = Debug|Any CPU
		{E89114E7-6FED-4415-B5F2-1574E8C481CA}.Debug|x64.Build.0 = Debug|Any CPU
		{E89114E7-6FED-4415-B5F2-1574E8C481CA}.Debug|x86.ActiveCfg = Debug|Any CPU
		{E89114E7-6FED-4415-B5F2-1574E8C481CA}.Debug|x86.Build.0 = Debug|Any CPU
		{E89114E7-6FED-4415-B5F2-1574E8C481CA}.Release|Any CPU.ActiveCfg = Release|Any CPU
		{E89114E7-6FED-4415-B5F2-1574E8C481CA}.Release|Any CPU.Build.0 = Release|Any CPU
		{E89114E7-6FED-4415-B5F2-1574E8C481CA}.Release|x64.ActiveCfg = Release|Any CPU
		{E89114E7-6FED-4415-B5F2-1574E8C481CA}.Release|x64.Build.0 = Release|Any CPU
		{E89114E7-6FED-4415-B5F2-1574E8C481CA}.Release|x86.ActiveCfg = Release|Any CPU
		{E89114E7-6FED-4415-B5F2-1574E8C481CA}.Release|x86.Build.0 = Release|Any CPU
		{DCA23BBC-8923-41B6-A7AE-3F5663B766F9}.Debug|Any CPU.ActiveCfg = Debug|Any CPU
		{DCA23BBC-8923-41B6-A7AE-3F5663B766F9}.Debug|Any CPU.Build.0 = Debug|Any CPU
		{DCA23BBC-8923-41B6-A7AE-3F5663B766F9}.Debug|x64.ActiveCfg = Debug|Any CPU
		{DCA23BBC-8923-41B6-A7AE-3F5663B766F9}.Debug|x64.Build.0 = Debug|Any CPU
		{DCA23BBC-8923-41B6-A7AE-3F5663B766F9}.Debug|x86.ActiveCfg = Debug|Any CPU
		{DCA23BBC-8923-41B6-A7AE-3F5663B766F9}.Debug|x86.Build.0 = Debug|Any CPU
		{DCA23BBC-8923-41B6-A7AE-3F5663B766F9}.Release|Any CPU.ActiveCfg = Release|Any CPU
		{DCA23BBC-8923-41B6-A7AE-3F5663B766F9}.Release|Any CPU.Build.0 = Release|Any CPU
		{DCA23BBC-8923-41B6-A7AE-3F5663B766F9}.Release|x64.ActiveCfg = Release|Any CPU
		{DCA23BBC-8923-41B6-A7AE-3F5663B766F9}.Release|x64.Build.0 = Release|Any CPU
		{DCA23BBC-8923-41B6-A7AE-3F5663B766F9}.Release|x86.ActiveCfg = Release|Any CPU
		{DCA23BBC-8923-41B6-A7AE-3F5663B766F9}.Release|x86.Build.0 = Release|Any CPU
		{42EFF491-9EE9-4610-8EBD-3A9F490C9469}.Debug|Any CPU.ActiveCfg = Debug|Any CPU
		{42EFF491-9EE9-4610-8EBD-3A9F490C9469}.Debug|Any CPU.Build.0 = Debug|Any CPU
		{42EFF491-9EE9-4610-8EBD-3A9F490C9469}.Debug|x64.ActiveCfg = Debug|Any CPU
		{42EFF491-9EE9-4610-8EBD-3A9F490C9469}.Debug|x64.Build.0 = Debug|Any CPU
		{42EFF491-9EE9-4610-8EBD-3A9F490C9469}.Debug|x86.ActiveCfg = Debug|Any CPU
		{42EFF491-9EE9-4610-8EBD-3A9F490C9469}.Debug|x86.Build.0 = Debug|Any CPU
		{42EFF491-9EE9-4610-8EBD-3A9F490C9469}.Release|Any CPU.ActiveCfg = Release|Any CPU
		{42EFF491-9EE9-4610-8EBD-3A9F490C9469}.Release|Any CPU.Build.0 = Release|Any CPU
		{42EFF491-9EE9-4610-8EBD-3A9F490C9469}.Release|x64.ActiveCfg = Release|Any CPU
		{42EFF491-9EE9-4610-8EBD-3A9F490C9469}.Release|x64.Build.0 = Release|Any CPU
		{42EFF491-9EE9-4610-8EBD-3A9F490C9469}.Release|x86.ActiveCfg = Release|Any CPU
		{42EFF491-9EE9-4610-8EBD-3A9F490C9469}.Release|x86.Build.0 = Release|Any CPU
		{DDDB9E65-2E4A-4A6B-A3A9-BD80ACD61584}.Debug|Any CPU.ActiveCfg = Debug|Any CPU
		{DDDB9E65-2E4A-4A6B-A3A9-BD80ACD61584}.Debug|Any CPU.Build.0 = Debug|Any CPU
		{DDDB9E65-2E4A-4A6B-A3A9-BD80ACD61584}.Debug|x64.ActiveCfg = Debug|Any CPU
		{DDDB9E65-2E4A-4A6B-A3A9-BD80ACD61584}.Debug|x64.Build.0 = Debug|Any CPU
		{DDDB9E65-2E4A-4A6B-A3A9-BD80ACD61584}.Debug|x86.ActiveCfg = Debug|Any CPU
		{DDDB9E65-2E4A-4A6B-A3A9-BD80ACD61584}.Debug|x86.Build.0 = Debug|Any CPU
		{DDDB9E65-2E4A-4A6B-A3A9-BD80ACD61584}.Release|Any CPU.ActiveCfg = Release|Any CPU
		{DDDB9E65-2E4A-4A6B-A3A9-BD80ACD61584}.Release|Any CPU.Build.0 = Release|Any CPU
		{DDDB9E65-2E4A-4A6B-A3A9-BD80ACD61584}.Release|x64.ActiveCfg = Release|Any CPU
		{DDDB9E65-2E4A-4A6B-A3A9-BD80ACD61584}.Release|x64.Build.0 = Release|Any CPU
		{DDDB9E65-2E4A-4A6B-A3A9-BD80ACD61584}.Release|x86.ActiveCfg = Release|Any CPU
		{DDDB9E65-2E4A-4A6B-A3A9-BD80ACD61584}.Release|x86.Build.0 = Release|Any CPU
		{F7BFC8B1-8E75-47EC-8908-63794F252D50}.Debug|Any CPU.ActiveCfg = Debug|Any CPU
		{F7BFC8B1-8E75-47EC-8908-63794F252D50}.Debug|Any CPU.Build.0 = Debug|Any CPU
		{F7BFC8B1-8E75-47EC-8908-63794F252D50}.Debug|x64.ActiveCfg = Debug|Any CPU
		{F7BFC8B1-8E75-47EC-8908-63794F252D50}.Debug|x64.Build.0 = Debug|Any CPU
		{F7BFC8B1-8E75-47EC-8908-63794F252D50}.Debug|x86.ActiveCfg = Debug|Any CPU
		{F7BFC8B1-8E75-47EC-8908-63794F252D50}.Debug|x86.Build.0 = Debug|Any CPU
		{F7BFC8B1-8E75-47EC-8908-63794F252D50}.Release|Any CPU.ActiveCfg = Release|Any CPU
		{F7BFC8B1-8E75-47EC-8908-63794F252D50}.Release|Any CPU.Build.0 = Release|Any CPU
		{F7BFC8B1-8E75-47EC-8908-63794F252D50}.Release|x64.ActiveCfg = Release|Any CPU
		{F7BFC8B1-8E75-47EC-8908-63794F252D50}.Release|x64.Build.0 = Release|Any CPU
		{F7BFC8B1-8E75-47EC-8908-63794F252D50}.Release|x86.ActiveCfg = Release|Any CPU
		{F7BFC8B1-8E75-47EC-8908-63794F252D50}.Release|x86.Build.0 = Release|Any CPU
		{DCDF9A97-A20A-4A24-B0A6-889256CAA07D}.Debug|Any CPU.ActiveCfg = Debug|Any CPU
		{DCDF9A97-A20A-4A24-B0A6-889256CAA07D}.Debug|Any CPU.Build.0 = Debug|Any CPU
		{DCDF9A97-A20A-4A24-B0A6-889256CAA07D}.Debug|x64.ActiveCfg = Debug|Any CPU
		{DCDF9A97-A20A-4A24-B0A6-889256CAA07D}.Debug|x64.Build.0 = Debug|Any CPU
		{DCDF9A97-A20A-4A24-B0A6-889256CAA07D}.Debug|x86.ActiveCfg = Debug|Any CPU
		{DCDF9A97-A20A-4A24-B0A6-889256CAA07D}.Debug|x86.Build.0 = Debug|Any CPU
		{DCDF9A97-A20A-4A24-B0A6-889256CAA07D}.Release|Any CPU.ActiveCfg = Release|Any CPU
		{DCDF9A97-A20A-4A24-B0A6-889256CAA07D}.Release|Any CPU.Build.0 = Release|Any CPU
		{DCDF9A97-A20A-4A24-B0A6-889256CAA07D}.Release|x64.ActiveCfg = Release|Any CPU
		{DCDF9A97-A20A-4A24-B0A6-889256CAA07D}.Release|x64.Build.0 = Release|Any CPU
		{DCDF9A97-A20A-4A24-B0A6-889256CAA07D}.Release|x86.ActiveCfg = Release|Any CPU
		{DCDF9A97-A20A-4A24-B0A6-889256CAA07D}.Release|x86.Build.0 = Release|Any CPU
		{8A067211-75D8-434F-8890-CB2584447920}.Debug|Any CPU.ActiveCfg = Debug|Any CPU
		{8A067211-75D8-434F-8890-CB2584447920}.Debug|Any CPU.Build.0 = Debug|Any CPU
		{8A067211-75D8-434F-8890-CB2584447920}.Debug|x64.ActiveCfg = Debug|Any CPU
		{8A067211-75D8-434F-8890-CB2584447920}.Debug|x64.Build.0 = Debug|Any CPU
		{8A067211-75D8-434F-8890-CB2584447920}.Debug|x86.ActiveCfg = Debug|Any CPU
		{8A067211-75D8-434F-8890-CB2584447920}.Debug|x86.Build.0 = Debug|Any CPU
		{8A067211-75D8-434F-8890-CB2584447920}.Release|Any CPU.ActiveCfg = Release|Any CPU
		{8A067211-75D8-434F-8890-CB2584447920}.Release|Any CPU.Build.0 = Release|Any CPU
		{8A067211-75D8-434F-8890-CB2584447920}.Release|x64.ActiveCfg = Release|Any CPU
		{8A067211-75D8-434F-8890-CB2584447920}.Release|x64.Build.0 = Release|Any CPU
		{8A067211-75D8-434F-8890-CB2584447920}.Release|x86.ActiveCfg = Release|Any CPU
		{8A067211-75D8-434F-8890-CB2584447920}.Release|x86.Build.0 = Release|Any CPU
		{D830F663-CA89-46FD-987A-B3EC104F3B1B}.Debug|Any CPU.ActiveCfg = Debug|Any CPU
		{D830F663-CA89-46FD-987A-B3EC104F3B1B}.Debug|Any CPU.Build.0 = Debug|Any CPU
		{D830F663-CA89-46FD-987A-B3EC104F3B1B}.Debug|x64.ActiveCfg = Debug|Any CPU
		{D830F663-CA89-46FD-987A-B3EC104F3B1B}.Debug|x64.Build.0 = Debug|Any CPU
		{D830F663-CA89-46FD-987A-B3EC104F3B1B}.Debug|x86.ActiveCfg = Debug|Any CPU
		{D830F663-CA89-46FD-987A-B3EC104F3B1B}.Debug|x86.Build.0 = Debug|Any CPU
		{D830F663-CA89-46FD-987A-B3EC104F3B1B}.Release|Any CPU.ActiveCfg = Release|Any CPU
		{D830F663-CA89-46FD-987A-B3EC104F3B1B}.Release|Any CPU.Build.0 = Release|Any CPU
		{D830F663-CA89-46FD-987A-B3EC104F3B1B}.Release|x64.ActiveCfg = Release|Any CPU
		{D830F663-CA89-46FD-987A-B3EC104F3B1B}.Release|x64.Build.0 = Release|Any CPU
		{D830F663-CA89-46FD-987A-B3EC104F3B1B}.Release|x86.ActiveCfg = Release|Any CPU
		{D830F663-CA89-46FD-987A-B3EC104F3B1B}.Release|x86.Build.0 = Release|Any CPU
	EndGlobalSection
	GlobalSection(SolutionProperties) = preSolution
		HideSolutionNode = FALSE
	EndGlobalSection
	GlobalSection(NestedProjects) = preSolution
		{010D6D4F-A35C-41A2-A17F-8B20CB9BF56A} = {E797E02A-F527-4ADE-9FD9-6B9342E1A10E}
		{03CDEBBD-8FF0-4AC6-BA3E-649C8CADFF49} = {E797E02A-F527-4ADE-9FD9-6B9342E1A10E}
		{F2631C2B-49B6-4FE7-B9A5-0D2B378C192E} = {E797E02A-F527-4ADE-9FD9-6B9342E1A10E}
		{47F74FD9-DA50-4511-8F73-53D88E90098C} = {D48A780F-8F3A-4E5F-A12B-2D01A0E2EE3F}
		{12C9FDAC-DDEA-4CA0-B84C-68026155DADB} = {E797E02A-F527-4ADE-9FD9-6B9342E1A10E}
		{425A56A6-D841-44AD-8D20-80DA26C7DC47} = {12C9FDAC-DDEA-4CA0-B84C-68026155DADB}
		{38D7B187-935B-43BF-8B4A-1D48D4CB8CC1} = {12C9FDAC-DDEA-4CA0-B84C-68026155DADB}
		{008F016D-75CC-42C8-B9EF-6736BADEE801} = {E797E02A-F527-4ADE-9FD9-6B9342E1A10E}
		{E7B0899D-229E-46DE-93F8-747FC9E76A7A} = {008F016D-75CC-42C8-B9EF-6736BADEE801}
		{F8B01F6B-F0B2-42F9-85DA-C4EA99A09D7E} = {008F016D-75CC-42C8-B9EF-6736BADEE801}
		{64ACA413-D2C6-4A11-8AF7-3D5E729E697C} = {008F016D-75CC-42C8-B9EF-6736BADEE801}
		{A6819678-0D6D-43E0-8179-39F2E23E8F08} = {008F016D-75CC-42C8-B9EF-6736BADEE801}
		{AEC0AD4E-A053-406B-9E4E-FEABEF2C2497} = {008F016D-75CC-42C8-B9EF-6736BADEE801}
		{4741E3FB-E085-4677-A0FD-8A738A4877A5} = {008F016D-75CC-42C8-B9EF-6736BADEE801}
		{A0FBB3CB-BD71-41D7-978D-213902469A55} = {008F016D-75CC-42C8-B9EF-6736BADEE801}
		{E89114E7-6FED-4415-B5F2-1574E8C481CA} = {008F016D-75CC-42C8-B9EF-6736BADEE801}
		{DCA23BBC-8923-41B6-A7AE-3F5663B766F9} = {008F016D-75CC-42C8-B9EF-6736BADEE801}
		{42EFF491-9EE9-4610-8EBD-3A9F490C9469} = {008F016D-75CC-42C8-B9EF-6736BADEE801}
		{DDDB9E65-2E4A-4A6B-A3A9-BD80ACD61584} = {008F016D-75CC-42C8-B9EF-6736BADEE801}
		{F7BFC8B1-8E75-47EC-8908-63794F252D50} = {008F016D-75CC-42C8-B9EF-6736BADEE801}
		{DCDF9A97-A20A-4A24-B0A6-889256CAA07D} = {008F016D-75CC-42C8-B9EF-6736BADEE801}
		{8A067211-75D8-434F-8890-CB2584447920} = {008F016D-75CC-42C8-B9EF-6736BADEE801}
		{D830F663-CA89-46FD-987A-B3EC104F3B1B} = {12C9FDAC-DDEA-4CA0-B84C-68026155DADB}
	EndGlobalSection
	GlobalSection(ExtensibilityGlobals) = postSolution
		SolutionGuid = {2CC17636-6864-4446-B179-DB7B1C908237}
	EndGlobalSection
EndGlobal
